Microsoft Visual Studio Solution File, Format Version 12.00
# Visual Studio Version 17
VisualStudioVersion = 17.5.2.0
MinimumVisualStudioVersion = 10.0.40219.1
Project("{2150E333-8FDC-42A3-9474-1A3956D46DE8}") = "frontend", "frontend", "{CE609670-85B9-0D16-FB54-ED063D5D8A6D}"
EndProject
Project("{FAE04EC0-301F-11D3-BF4B-00C04F79EFBC}") = "CadastroAlimentosMaui", "frontend\CadastroAlimentosMaui\CadastroAlimentosMaui.csproj", "{67BF0DCC-9495-9E11-6518-C4B58A4F27B0}"
EndProject
Global
	GlobalSection(SolutionConfigurationPlatforms) = preSolution
		Debug|Any CPU = Debug|Any CPU
		Release|Any CPU = Release|Any CPU
	EndGlobalSection
	GlobalSection(ProjectConfigurationPlatforms) = postSolution
		{67BF0DCC-9495-9E11-6518-C4B58A4F27B0}.Debug|Any CPU.ActiveCfg = Debug|Any CPU
		{67BF0DCC-9495-9E11-6518-C4B58A4F27B0}.Debug|Any CPU.Build.0 = Debug|Any CPU
		{67BF0DCC-9495-9E11-6518-C4B58A4F27B0}.Release|Any CPU.ActiveCfg = Release|Any CPU
		{67BF0DCC-9495-9E11-6518-C4B58A4F27B0}.Release|Any CPU.Build.0 = Release|Any CPU
	EndGlobalSection
	GlobalSection(SolutionProperties) = preSolution
		HideSolutionNode = FALSE
	EndGlobalSection
	GlobalSection(NestedProjects) = preSolution
		{67BF0DCC-9495-9E11-6518-C4B58A4F27B0} = {CE609670-85B9-0D16-FB54-ED063D5D8A6D}
	EndGlobalSection
	GlobalSection(ExtensibilityGlobals) = postSolution
		SolutionGuid = {2D74F236-9472-49DC-8268-973D80DE2C21}
	EndGlobalSection
EndGlobal
